// !$*UTF8*$!
{
	archiveVersion = 1;
	classes = {
	};
	objectVersion = 55;
	objects = {

/* Begin PBXBuildFile section */
		7620C6482770277300A76CDF /* TransformationsApp.swift in Sources */ = {isa = PBXBuildFile; fileRef = 7620C6472770277300A76CDF /* TransformationsApp.swift */; };
		7620C64C2770277400A76CDF /* Assets.xcassets in Resources */ = {isa = PBXBuildFile; fileRef = 7620C64B2770277400A76CDF /* Assets.xcassets */; };
		7620C64F2770277400A76CDF /* Preview Assets.xcassets in Resources */ = {isa = PBXBuildFile; fileRef = 7620C64E2770277400A76CDF /* Preview Assets.xcassets */; };
		7620C65C277027A700A76CDF /* ContentView.swift in Sources */ = {isa = PBXBuildFile; fileRef = 7620C656277027A700A76CDF /* ContentView.swift */; };
		7620C65D277027A700A76CDF /* Renderer.swift in Sources */ = {isa = PBXBuildFile; fileRef = 7620C657277027A700A76CDF /* Renderer.swift */; };
		7620C65E277027A700A76CDF /* frosty.mtl in Resources */ = {isa = PBXBuildFile; fileRef = 7620C658277027A700A76CDF /* frosty.mtl */; };
		7620C65F277027A700A76CDF /* shaders.metal in Sources */ = {isa = PBXBuildFile; fileRef = 7620C659277027A700A76CDF /* shaders.metal */; };
		7620C660277027A700A76CDF /* frosty.obj in Resources */ = {isa = PBXBuildFile; fileRef = 7620C65A277027A700A76CDF /* frosty.obj */; };
		7620C661277027A700A76CDF /* MetalView.swift in Sources */ = {isa = PBXBuildFile; fileRef = 7620C65B277027A700A76CDF /* MetalView.swift */; };
		7620C66527703F0200A76CDF /* LinearAlgebro.swift in Sources */ = {isa = PBXBuildFile; fileRef = 7620C66427703F0200A76CDF /* LinearAlgebro.swift */; };
/* End PBXBuildFile section */

/* Begin PBXFileReference section */
		7620C6442770277300A76CDF /* Transformations.app */ = {isa = PBXFileReference; explicitFileType = wrapper.application; includeInIndex = 0; path = Transformations.app; sourceTree = BUILT_PRODUCTS_DIR; };
		7620C6472770277300A76CDF /* TransformationsApp.swift */ = {isa = PBXFileReference; lastKnownFileType = sourcecode.swift; path = TransformationsApp.swift; sourceTree = "<group>"; };
		7620C64B2770277400A76CDF /* Assets.xcassets */ = {isa = PBXFileReference; lastKnownFileType = folder.assetcatalog; path = Assets.xcassets; sourceTree = "<group>"; };
		7620C64E2770277400A76CDF /* Preview Assets.xcassets */ = {isa = PBXFileReference; lastKnownFileType = folder.assetcatalog; path = "Preview Assets.xcassets"; sourceTree = "<group>"; };
		7620C6502770277400A76CDF /* Transformations.entitlements */ = {isa = PBXFileReference; lastKnownFileType = text.plist.entitlements; path = Transformations.entitlements; sourceTree = "<group>"; };
		7620C656277027A700A76CDF /* ContentView.swift */ = {isa = PBXFileReference; fileEncoding = 4; lastKnownFileType = sourcecode.swift; name = ContentView.swift; path = ../../ModelImports/ModelImports/ContentView.swift; sourceTree = "<group>"; };
		7620C657277027A700A76CDF /* Renderer.swift */ = {isa = PBXFileReference; fileEncoding = 4; lastKnownFileType = sourcecode.swift; path = Renderer.swift; sourceTree = "<group>"; };
		7620C658277027A700A76CDF /* frosty.mtl */ = {isa = PBXFileReference; fileEncoding = 4; lastKnownFileType = text; path = frosty.mtl; sourceTree = "<group>"; };
		7620C659277027A700A76CDF /* shaders.metal */ = {isa = PBXFileReference; fileEncoding = 4; lastKnownFileType = sourcecode.metal; path = shaders.metal; sourceTree = "<group>"; };
		7620C65A277027A700A76CDF /* frosty.obj */ = {isa = PBXFileReference; fileEncoding = 4; lastKnownFileType = text; path = frosty.obj; sourceTree = "<group>"; };
		7620C65B277027A700A76CDF /* MetalView.swift */ = {isa = PBXFileReference; fileEncoding = 4; lastKnownFileType = sourcecode.swift; path = MetalView.swift; sourceTree = "<group>"; };
		7620C66427703F0200A76CDF /* LinearAlgebro.swift */ = {isa = PBXFileReference; lastKnownFileType = sourcecode.swift; path = LinearAlgebro.swift; sourceTree = "<group>"; };
		7620C66627705DD900A76CDF /* definitions.h */ = {isa = PBXFileReference; lastKnownFileType = sourcecode.c.h; path = definitions.h; sourceTree = "<group>"; };
/* End PBXFileReference section */

/* Begin PBXFrameworksBuildPhase section */
		7620C6412770277300A76CDF /* Frameworks */ = {
			isa = PBXFrameworksBuildPhase;
			buildActionMask = 2147483647;
			files = (
			);
			runOnlyForDeploymentPostprocessing = 0;
		};
/* End PBXFrameworksBuildPhase section */

/* Begin PBXGroup section */
		7620C63B2770277300A76CDF = {
			isa = PBXGroup;
			children = (
				7620C6462770277300A76CDF /* Transformations */,
				7620C6452770277300A76CDF /* Products */,
			);
			sourceTree = "<group>";
		};
		7620C6452770277300A76CDF /* Products */ = {
			isa = PBXGroup;
			children = (
				7620C6442770277300A76CDF /* Transformations.app */,
			);
			name = Products;
			sourceTree = "<group>";
		};
		7620C6462770277300A76CDF /* Transformations */ = {
			isa = PBXGroup;
			children = (
				7620C6472770277300A76CDF /* TransformationsApp.swift */,
				7620C656277027A700A76CDF /* ContentView.swift */,
				7620C658277027A700A76CDF /* frosty.mtl */,
				7620C65A277027A700A76CDF /* frosty.obj */,
				7620C65B277027A700A76CDF /* MetalView.swift */,
				7620C66427703F0200A76CDF /* LinearAlgebro.swift */,
				7620C657277027A700A76CDF /* Renderer.swift */,
				7620C66627705DD900A76CDF /* definitions.h */,
				7620C659277027A700A76CDF /* shaders.metal */,
				7620C64B2770277400A76CDF /* Assets.xcassets */,
				7620C6502770277400A76CDF /* Transformations.entitlements */,
				7620C64D2770277400A76CDF /* Preview Content */,
			);
			path = Transformations;
			sourceTree = "<group>";
		};
		7620C64D2770277400A76CDF /* Preview Content */ = {
			isa = PBXGroup;
			children = (
				7620C64E2770277400A76CDF /* Preview Assets.xcassets */,
			);
			path = "Preview Content";
			sourceTree = "<group>";
		};
/* End PBXGroup section */

/* Begin PBXNativeTarget section */
		7620C6432770277300A76CDF /* Transformations */ = {
			isa = PBXNativeTarget;
			buildConfigurationList = 7620C6532770277400A76CDF /* Build configuration list for PBXNativeTarget "Transformations" */;
			buildPhases = (
				7620C6402770277300A76CDF /* Sources */,
				7620C6412770277300A76CDF /* Frameworks */,
				7620C6422770277300A76CDF /* Resources */,
			);
			buildRules = (
			);
			dependencies = (
			);
			name = Transformations;
			productName = Transformations;
			productReference = 7620C6442770277300A76CDF /* Transformations.app */;
			productType = "com.apple.product-type.application";
		};
/* End PBXNativeTarget section */

/* Begin PBXProject section */
		7620C63C2770277300A76CDF /* Project object */ = {
			isa = PBXProject;
			attributes = {
				BuildIndependentTargetsInParallel = 1;
				LastSwiftUpdateCheck = 1320;
				LastUpgradeCheck = 1320;
				TargetAttributes = {
					7620C6432770277300A76CDF = {
						CreatedOnToolsVersion = 13.2;
					};
				};
			};
			buildConfigurationList = 7620C63F2770277300A76CDF /* Build configuration list for PBXProject "Transformations" */;
			compatibilityVersion = "Xcode 13.0";
			developmentRegion = en;
			hasScannedForEncodings = 0;
			knownRegions = (
				en,
				Base,
			);
			mainGroup = 7620C63B2770277300A76CDF;
			productRefGroup = 7620C6452770277300A76CDF /* Products */;
			projectDirPath = "";
			projectRoot = "";
			targets = (
				7620C6432770277300A76CDF /* Transformations */,
			);
		};
/* End PBXProject section */

/* Begin PBXResourcesBuildPhase section */
		7620C6422770277300A76CDF /* Resources */ = {
			isa = PBXResourcesBuildPhase;
			buildActionMask = 2147483647;
			files = (
				7620C65E277027A700A76CDF /* frosty.mtl in Resources */,
				7620C64F2770277400A76CDF /* Preview Assets.xcassets in Resources */,
				7620C660277027A700A76CDF /* frosty.obj in Resources */,
				7620C64C2770277400A76CDF /* Assets.xcassets in Resources */,
			);
			runOnlyForDeploymentPostprocessing = 0;
		};
/* End PBXResourcesBuildPhase section */

/* Begin PBXSourcesBuildPhase section */
		7620C6402770277300A76CDF /* Sources */ = {
			isa = PBXSourcesBuildPhase;
			buildActionMask = 2147483647;
			files = (
				7620C661277027A700A76CDF /* MetalView.swift in Sources */,
				7620C65D277027A700A76CDF /* Renderer.swift in Sources */,
				7620C65F277027A700A76CDF /* shaders.metal in Sources */,
				7620C6482770277300A76CDF /* TransformationsApp.swift in Sources */,
				7620C65C277027A700A76CDF /* ContentView.swift in Sources */,
				7620C66527703F0200A76CDF /* LinearAlgebro.swift in Sources */,
			);
			runOnlyForDeploymentPostprocessing = 0;
		};
/* End PBXSourcesBuildPhase section */

/* Begin XCBuildConfiguration section */
		7620C6512770277400A76CDF /* Debug */ = {
			isa = XCBuildConfiguration;
			buildSettings = {
				ALWAYS_SEARCH_USER_PATHS = NO;
				CLANG_ANALYZER_NONNULL = YES;
				CLANG_ANALYZER_NUMBER_OBJECT_CONVERSION = YES_AGGRESSIVE;
				CLANG_CXX_LANGUAGE_STANDARD = "gnu++17";
				CLANG_CXX_LIBRARY = "libc++";
				CLANG_ENABLE_MODULES = YES;
				CLANG_ENABLE_OBJC_ARC = YES;
				CLANG_ENABLE_OBJC_WEAK = YES;
				CLANG_WARN_BLOCK_CAPTURE_AUTORELEASING = YES;
				CLANG_WARN_BOOL_CONVERSION = YES;
				CLANG_WARN_COMMA = YES;
				CLANG_WARN_CONSTANT_CONVERSION = YES;
				CLANG_WARN_DEPRECATED_OBJC_IMPLEMENTATIONS = YES;
				CLANG_WARN_DIRECT_OBJC_ISA_USAGE = YES_ERROR;
				CLANG_WARN_DOCUMENTATION_COMMENTS = YES;
				CLANG_WARN_EMPTY_BODY = YES;
				CLANG_WARN_ENUM_CONVERSION = YES;
				CLANG_WARN_INFINITE_RECURSION = YES;
				CLANG_WARN_INT_CONVERSION = YES;
				CLANG_WARN_NON_LITERAL_NULL_CONVERSION = YES;
				CLANG_WARN_OBJC_IMPLICIT_RETAIN_SELF = YES;
				CLANG_WARN_OBJC_LITERAL_CONVERSION = YES;
				CLANG_WARN_OBJC_ROOT_CLASS = YES_ERROR;
				CLANG_WARN_QUOTED_INCLUDE_IN_FRAMEWORK_HEADER = YES;
				CLANG_WARN_RANGE_LOOP_ANALYSIS = YES;
				CLANG_WARN_STRICT_PROTOTYPES = YES;
				CLANG_WARN_SUSPICIOUS_MOVE = YES;
				CLANG_WARN_UNGUARDED_AVAILABILITY = YES_AGGRESSIVE;
				CLANG_WARN_UNREACHABLE_CODE = YES;
				CLANG_WARN__DUPLICATE_METHOD_MATCH = YES;
				COPY_PHASE_STRIP = NO;
				DEBUG_INFORMATION_FORMAT = dwarf;
				ENABLE_STRICT_OBJC_MSGSEND = YES;
				ENABLE_TESTABILITY = YES;
				GCC_C_LANGUAGE_STANDARD = gnu11;
				GCC_DYNAMIC_NO_PIC = NO;
				GCC_NO_COMMON_BLOCKS = YES;
				GCC_OPTIMIZATION_LEVEL = 0;
				GCC_PREPROCESSOR_DEFINITIONS = (
					"DEBUG=1",
					"$(inherited)",
				);
				GCC_WARN_64_TO_32_BIT_CONVERSION = YES;
				GCC_WARN_ABOUT_RETURN_TYPE = YES_ERROR;
				GCC_WARN_UNDECLARED_SELECTOR = YES;
				GCC_WARN_UNINITIALIZED_AUTOS = YES_AGGRESSIVE;
				GCC_WARN_UNUSED_FUNCTION = YES;
				GCC_WARN_UNUSED_VARIABLE = YES;
				MACOSX_DEPLOYMENT_TARGET = 12.0;
				MTL_ENABLE_DEBUG_INFO = INCLUDE_SOURCE;
				MTL_FAST_MATH = YES;
				ONLY_ACTIVE_ARCH = YES;
				SDKROOT = macosx;
				SWIFT_ACTIVE_COMPILATION_CONDITIONS = DEBUG;
				SWIFT_OPTIMIZATION_LEVEL = "-Onone";
			};
			name = Debug;
		};
		7620C6522770277400A76CDF /* Release */ = {
			isa = XCBuildConfiguration;
			buildSettings = {
				ALWAYS_SEARCH_USER_PATHS = NO;
				CLANG_ANALYZER_NONNULL = YES;
				CLANG_ANALYZER_NUMBER_OBJECT_CONVERSION = YES_AGGRESSIVE;
				CLANG_CXX_LANGUAGE_STANDARD = "gnu++17";
				CLANG_CXX_LIBRARY = "libc++";
				CLANG_ENABLE_MODULES = YES;
				CLANG_ENABLE_OBJC_ARC = YES;
				CLANG_ENABLE_OBJC_WEAK = YES;
				CLANG_WARN_BLOCK_CAPTURE_AUTORELEASING = YES;
				CLANG_WARN_BOOL_CONVERSION = YES;
				CLANG_WARN_COMMA = YES;
				CLANG_WARN_CONSTANT_CONVERSION = YES;
				CLANG_WARN_DEPRECATED_OBJC_IMPLEMENTATIONS = YES;
				CLANG_WARN_DIRECT_OBJC_ISA_USAGE = YES_ERROR;
				CLANG_WARN_DOCUMENTATION_COMMENTS = YES;
				CLANG_WARN_EMPTY_BODY = YES;
				CLANG_WARN_ENUM_CONVERSION = YES;
				CLANG_WARN_INFINITE_RECURSION = YES;
				CLANG_WARN_INT_CONVERSION = YES;
				CLANG_WARN_NON_LITERAL_NULL_CONVERSION = YES;
				CLANG_WARN_OBJC_IMPLICIT_RETAIN_SELF = YES;
				CLANG_WARN_OBJC_LITERAL_CONVERSION = YES;
				CLANG_WARN_OBJC_ROOT_CLASS = YES_ERROR;
				CLANG_WARN_QUOTED_INCLUDE_IN_FRAMEWORK_HEADER = YES;
				CLANG_WARN_RANGE_LOOP_ANALYSIS = YES;
				CLANG_WARN_STRICT_PROTOTYPES = YES;
				CLANG_WARN_SUSPICIOUS_MOVE = YES;
				CLANG_WARN_UNGUARDED_AVAILABILITY = YES_AGGRESSIVE;
				CLANG_WARN_UNREACHABLE_CODE = YES;
				CLANG_WARN__DUPLICATE_METHOD_MATCH = YES;
				COPY_PHASE_STRIP = NO;
				DEBUG_INFORMATION_FORMAT = "dwarf-with-dsym";
				ENABLE_NS_ASSERTIONS = NO;
				ENABLE_STRICT_OBJC_MSGSEND = YES;
				GCC_C_LANGUAGE_STANDARD = gnu11;
				GCC_NO_COMMON_BLOCKS = YES;
				GCC_WARN_64_TO_32_BIT_CONVERSION = YES;
				GCC_WARN_ABOUT_RETURN_TYPE = YES_ERROR;
				GCC_WARN_UNDECLARED_SELECTOR = YES;
				GCC_WARN_UNINITIALIZED_AUTOS = YES_AGGRESSIVE;
				GCC_WARN_UNUSED_FUNCTION = YES;
				GCC_WARN_UNUSED_VARIABLE = YES;
				MACOSX_DEPLOYMENT_TARGET = 12.0;
				MTL_ENABLE_DEBUG_INFO = NO;
				MTL_FAST_MATH = YES;
				SDKROOT = macosx;
				SWIFT_COMPILATION_MODE = wholemodule;
				SWIFT_OPTIMIZATION_LEVEL = "-O";
			};
			name = Release;
		};
		7620C6542770277400A76CDF /* Debug */ = {
			isa = XCBuildConfiguration;
			buildSettings = {
				ASSETCATALOG_COMPILER_APPICON_NAME = AppIcon;
				ASSETCATALOG_COMPILER_GLOBAL_ACCENT_COLOR_NAME = AccentColor;
				CODE_SIGN_ENTITLEMENTS = Transformations/Transformations.entitlements;
				CODE_SIGN_STYLE = Automatic;
				COMBINE_HIDPI_IMAGES = YES;
				CURRENT_PROJECT_VERSION = 1;
				DEVELOPMENT_ASSET_PATHS = "\"Transformations/Preview Content\"";
				DEVELOPMENT_TEAM = T5C5DQ8HP4;
				ENABLE_HARDENED_RUNTIME = YES;
				ENABLE_PREVIEWS = YES;
				GENERATE_INFOPLIST_FILE = YES;
				INFOPLIST_KEY_NSHumanReadableCopyright = "";
				LD_RUNPATH_SEARCH_PATHS = (
					"$(inherited)",
					"@executable_path/../Frameworks",
				);
				MARKETING_VERSION = 1.0;
				PRODUCT_BUNDLE_IDENTIFIER = com.amengede.Transformations;
				PRODUCT_NAME = "$(TARGET_NAME)";
				SWIFT_EMIT_LOC_STRINGS = YES;
				SWIFT_OBJC_BRIDGING_HEADER = Transformations/definitions.h;
				SWIFT_VERSION = 5.0;
			};
			name = Debug;
		};
		7620C6552770277400A76CDF /* Release */ = {
			isa = XCBuildConfiguration;
			buildSettings = {
				ASSETCATALOG_COMPILER_APPICON_NAME = AppIcon;
				ASSETCATALOG_COMPILER_GLOBAL_ACCENT_COLOR_NAME = AccentColor;
				CODE_SIGN_ENTITLEMENTS = Transformations/Transformations.entitlements;
				CODE_SIGN_STYLE = Automatic;
				COMBINE_HIDPI_IMAGES = YES;
				CURRENT_PROJECT_VERSION = 1;
				DEVELOPMENT_ASSET_PATHS = "\"Transformations/Preview Content\"";
				DEVELOPMENT_TEAM = T5C5DQ8HP4;
				ENABLE_HARDENED_RUNTIME = YES;
				ENABLE_PREVIEWS = YES;
				GENERATE_INFOPLIST_FILE = YES;
				INFOPLIST_KEY_NSHumanReadableCopyright = "";
				LD_RUNPATH_SEARCH_PATHS = (
					"$(inherited)",
					"@executable_path/../Frameworks",
				);
				MARKETING_VERSION = 1.0;
				PRODUCT_BUNDLE_IDENTIFIER = com.amengede.Transformations;
				PRODUCT_NAME = "$(TARGET_NAME)";
				SWIFT_EMIT_LOC_STRINGS = YES;
				SWIFT_OBJC_BRIDGING_HEADER = Transformations/definitions.h;
				SWIFT_VERSION = 5.0;
			};
			name = Release;
		};
/* End XCBuildConfiguration section */

/* Begin XCConfigurationList section */
		7620C63F2770277300A76CDF /* Build configuration list for PBXProject "Transformations" */ = {
			isa = XCConfigurationList;
			buildConfigurations = (
				7620C6512770277400A76CDF /* Debug */,
				7620C6522770277400A76CDF /* Release */,
			);
			defaultConfigurationIsVisible = 0;
			defaultConfigurationName = Release;
		};
		7620C6532770277400A76CDF /* Build configuration list for PBXNativeTarget "Transformations" */ = {
			isa = XCConfigurationList;
			buildConfigurations = (
				7620C6542770277400A76CDF /* Debug */,
				7620C6552770277400A76CDF /* Release */,
			);
			defaultConfigurationIsVisible = 0;
			defaultConfigurationName = Release;
		};
/* End XCConfigurationList section */
	};
	rootObject = 7620C63C2770277300A76CDF /* Project object */;
}
