// !$*UTF8*$!
{
	archiveVersion = 1;
	classes = {
	};
	objectVersion = 55;
	objects = {

/* Begin PBXBuildFile section */
		76E5D9E527687134003F3A20 /* Metal3App.swift in Sources */ = {isa = PBXBuildFile; fileRef = 76E5D9E427687134003F3A20 /* Metal3App.swift */; };
		76E5D9E727687134003F3A20 /* ContentView.swift in Sources */ = {isa = PBXBuildFile; fileRef = 76E5D9E627687134003F3A20 /* ContentView.swift */; };
		76E5D9E927687135003F3A20 /* Assets.xcassets in Resources */ = {isa = PBXBuildFile; fileRef = 76E5D9E827687135003F3A20 /* Assets.xcassets */; };
		76E5D9EC27687135003F3A20 /* Preview Assets.xcassets in Resources */ = {isa = PBXBuildFile; fileRef = 76E5D9EB27687135003F3A20 /* Preview Assets.xcassets */; };
		76E5D9F427687174003F3A20 /* MetalView.swift in Sources */ = {isa = PBXBuildFile; fileRef = 76E5D9F327687174003F3A20 /* MetalView.swift */; };
		76E5D9F72768717E003F3A20 /* Renderer.swift in Sources */ = {isa = PBXBuildFile; fileRef = 76E5D9F52768717E003F3A20 /* Renderer.swift */; };
		76E5D9F82768717E003F3A20 /* shaders.metal in Sources */ = {isa = PBXBuildFile; fileRef = 76E5D9F62768717E003F3A20 /* shaders.metal */; };
		76E5D9FB27687296003F3A20 /* frosty.mtl in Resources */ = {isa = PBXBuildFile; fileRef = 76E5D9F927687296003F3A20 /* frosty.mtl */; };
		76E5D9FC27687296003F3A20 /* frosty.obj in Resources */ = {isa = PBXBuildFile; fileRef = 76E5D9FA27687296003F3A20 /* frosty.obj */; };
/* End PBXBuildFile section */

/* Begin PBXFileReference section */
		76E5D9E127687134003F3A20 /* Metal3.app */ = {isa = PBXFileReference; explicitFileType = wrapper.application; includeInIndex = 0; path = Metal3.app; sourceTree = BUILT_PRODUCTS_DIR; };
		76E5D9E427687134003F3A20 /* Metal3App.swift */ = {isa = PBXFileReference; lastKnownFileType = sourcecode.swift; path = Metal3App.swift; sourceTree = "<group>"; };
		76E5D9E627687134003F3A20 /* ContentView.swift */ = {isa = PBXFileReference; lastKnownFileType = sourcecode.swift; path = ContentView.swift; sourceTree = "<group>"; };
		76E5D9E827687135003F3A20 /* Assets.xcassets */ = {isa = PBXFileReference; lastKnownFileType = folder.assetcatalog; path = Assets.xcassets; sourceTree = "<group>"; };
		76E5D9EB27687135003F3A20 /* Preview Assets.xcassets */ = {isa = PBXFileReference; lastKnownFileType = folder.assetcatalog; path = "Preview Assets.xcassets"; sourceTree = "<group>"; };
		76E5D9ED27687135003F3A20 /* Metal3.entitlements */ = {isa = PBXFileReference; lastKnownFileType = text.plist.entitlements; path = Metal3.entitlements; sourceTree = "<group>"; };
		76E5D9F327687174003F3A20 /* MetalView.swift */ = {isa = PBXFileReference; fileEncoding = 4; lastKnownFileType = sourcecode.swift; path = MetalView.swift; sourceTree = "<group>"; };
		76E5D9F52768717E003F3A20 /* Renderer.swift */ = {isa = PBXFileReference; fileEncoding = 4; lastKnownFileType = sourcecode.swift; path = Renderer.swift; sourceTree = "<group>"; };
		76E5D9F62768717E003F3A20 /* shaders.metal */ = {isa = PBXFileReference; fileEncoding = 4; lastKnownFileType = sourcecode.metal; path = shaders.metal; sourceTree = "<group>"; };
		76E5D9F927687296003F3A20 /* frosty.mtl */ = {isa = PBXFileReference; fileEncoding = 4; lastKnownFileType = text; path = frosty.mtl; sourceTree = "<group>"; };
		76E5D9FA27687296003F3A20 /* frosty.obj */ = {isa = PBXFileReference; fileEncoding = 4; lastKnownFileType = text; path = frosty.obj; sourceTree = "<group>"; };
/* End PBXFileReference section */

/* Begin PBXFrameworksBuildPhase section */
		76E5D9DE27687134003F3A20 /* Frameworks */ = {
			isa = PBXFrameworksBuildPhase;
			buildActionMask = 2147483647;
			files = (
			);
			runOnlyForDeploymentPostprocessing = 0;
		};
/* End PBXFrameworksBuildPhase section */

/* Begin PBXGroup section */
		76E5D9D827687134003F3A20 = {
			isa = PBXGroup;
			children = (
				76E5D9E327687134003F3A20 /* Metal3 */,
				76E5D9E227687134003F3A20 /* Products */,
			);
			sourceTree = "<group>";
		};
		76E5D9E227687134003F3A20 /* Products */ = {
			isa = PBXGroup;
			children = (
				76E5D9E127687134003F3A20 /* Metal3.app */,
			);
			name = Products;
			sourceTree = "<group>";
		};
		76E5D9E327687134003F3A20 /* Metal3 */ = {
			isa = PBXGroup;
			children = (
				76E5D9E427687134003F3A20 /* Metal3App.swift */,
				76E5D9E627687134003F3A20 /* ContentView.swift */,
				76E5D9E827687135003F3A20 /* Assets.xcassets */,
				76E5D9F52768717E003F3A20 /* Renderer.swift */,
				76E5D9F927687296003F3A20 /* frosty.mtl */,
				76E5D9FA27687296003F3A20 /* frosty.obj */,
				76E5D9F327687174003F3A20 /* MetalView.swift */,
				76E5D9F62768717E003F3A20 /* shaders.metal */,
				76E5D9ED27687135003F3A20 /* Metal3.entitlements */,
				76E5D9EA27687135003F3A20 /* Preview Content */,
			);
			path = Metal3;
			sourceTree = "<group>";
		};
		76E5D9EA27687135003F3A20 /* Preview Content */ = {
			isa = PBXGroup;
			children = (
				76E5D9EB27687135003F3A20 /* Preview Assets.xcassets */,
			);
			path = "Preview Content";
			sourceTree = "<group>";
		};
/* End PBXGroup section */

/* Begin PBXNativeTarget section */
		76E5D9E027687134003F3A20 /* Metal3 */ = {
			isa = PBXNativeTarget;
			buildConfigurationList = 76E5D9F027687135003F3A20 /* Build configuration list for PBXNativeTarget "Metal3" */;
			buildPhases = (
				76E5D9DD27687134003F3A20 /* Sources */,
				76E5D9DE27687134003F3A20 /* Frameworks */,
				76E5D9DF27687134003F3A20 /* Resources */,
			);
			buildRules = (
			);
			dependencies = (
			);
			name = Metal3;
			productName = Metal3;
			productReference = 76E5D9E127687134003F3A20 /* Metal3.app */;
			productType = "com.apple.product-type.application";
		};
/* End PBXNativeTarget section */

/* Begin PBXProject section */
		76E5D9D927687134003F3A20 /* Project object */ = {
			isa = PBXProject;
			attributes = {
				BuildIndependentTargetsInParallel = 1;
				LastSwiftUpdateCheck = 1320;
				LastUpgradeCheck = 1320;
				TargetAttributes = {
					76E5D9E027687134003F3A20 = {
						CreatedOnToolsVersion = 13.2;
					};
				};
			};
			buildConfigurationList = 76E5D9DC27687134003F3A20 /* Build configuration list for PBXProject "Metal3" */;
			compatibilityVersion = "Xcode 13.0";
			developmentRegion = en;
			hasScannedForEncodings = 0;
			knownRegions = (
				en,
				Base,
			);
			mainGroup = 76E5D9D827687134003F3A20;
			productRefGroup = 76E5D9E227687134003F3A20 /* Products */;
			projectDirPath = "";
			projectRoot = "";
			targets = (
				76E5D9E027687134003F3A20 /* Metal3 */,
			);
		};
/* End PBXProject section */

/* Begin PBXResourcesBuildPhase section */
		76E5D9DF27687134003F3A20 /* Resources */ = {
			isa = PBXResourcesBuildPhase;
			buildActionMask = 2147483647;
			files = (
				76E5D9FB27687296003F3A20 /* frosty.mtl in Resources */,
				76E5D9EC27687135003F3A20 /* Preview Assets.xcassets in Resources */,
				76E5D9FC27687296003F3A20 /* frosty.obj in Resources */,
				76E5D9E927687135003F3A20 /* Assets.xcassets in Resources */,
			);
			runOnlyForDeploymentPostprocessing = 0;
		};
/* End PBXResourcesBuildPhase section */

/* Begin PBXSourcesBuildPhase section */
		76E5D9DD27687134003F3A20 /* Sources */ = {
			isa = PBXSourcesBuildPhase;
			buildActionMask = 2147483647;
			files = (
				76E5D9F72768717E003F3A20 /* Renderer.swift in Sources */,
				76E5D9F82768717E003F3A20 /* shaders.metal in Sources */,
				76E5D9F427687174003F3A20 /* MetalView.swift in Sources */,
				76E5D9E727687134003F3A20 /* ContentView.swift in Sources */,
				76E5D9E527687134003F3A20 /* Metal3App.swift in Sources */,
			);
			runOnlyForDeploymentPostprocessing = 0;
		};
/* End PBXSourcesBuildPhase section */

/* Begin XCBuildConfiguration section */
		76E5D9EE27687135003F3A20 /* Debug */ = {
			isa = XCBuildConfiguration;
			buildSettings = {
				ALWAYS_SEARCH_USER_PATHS = NO;
				CLANG_ANALYZER_NONNULL = YES;
				CLANG_ANALYZER_NUMBER_OBJECT_CONVERSION = YES_AGGRESSIVE;
				CLANG_CXX_LANGUAGE_STANDARD = "gnu++17";
				CLANG_CXX_LIBRARY = "libc++";
				CLANG_ENABLE_MODULES = YES;
				CLANG_ENABLE_OBJC_ARC = YES;
				CLANG_ENABLE_OBJC_WEAK = YES;
				CLANG_WARN_BLOCK_CAPTURE_AUTORELEASING = YES;
				CLANG_WARN_BOOL_CONVERSION = YES;
				CLANG_WARN_COMMA = YES;
				CLANG_WARN_CONSTANT_CONVERSION = YES;
				CLANG_WARN_DEPRECATED_OBJC_IMPLEMENTATIONS = YES;
				CLANG_WARN_DIRECT_OBJC_ISA_USAGE = YES_ERROR;
				CLANG_WARN_DOCUMENTATION_COMMENTS = YES;
				CLANG_WARN_EMPTY_BODY = YES;
				CLANG_WARN_ENUM_CONVERSION = YES;
				CLANG_WARN_INFINITE_RECURSION = YES;
				CLANG_WARN_INT_CONVERSION = YES;
				CLANG_WARN_NON_LITERAL_NULL_CONVERSION = YES;
				CLANG_WARN_OBJC_IMPLICIT_RETAIN_SELF = YES;
				CLANG_WARN_OBJC_LITERAL_CONVERSION = YES;
				CLANG_WARN_OBJC_ROOT_CLASS = YES_ERROR;
				CLANG_WARN_QUOTED_INCLUDE_IN_FRAMEWORK_HEADER = YES;
				CLANG_WARN_RANGE_LOOP_ANALYSIS = YES;
				CLANG_WARN_STRICT_PROTOTYPES = YES;
				CLANG_WARN_SUSPICIOUS_MOVE = YES;
				CLANG_WARN_UNGUARDED_AVAILABILITY = YES_AGGRESSIVE;
				CLANG_WARN_UNREACHABLE_CODE = YES;
				CLANG_WARN__DUPLICATE_METHOD_MATCH = YES;
				COPY_PHASE_STRIP = NO;
				DEBUG_INFORMATION_FORMAT = dwarf;
				ENABLE_STRICT_OBJC_MSGSEND = YES;
				ENABLE_TESTABILITY = YES;
				GCC_C_LANGUAGE_STANDARD = gnu11;
				GCC_DYNAMIC_NO_PIC = NO;
				GCC_NO_COMMON_BLOCKS = YES;
				GCC_OPTIMIZATION_LEVEL = 0;
				GCC_PREPROCESSOR_DEFINITIONS = (
					"DEBUG=1",
					"$(inherited)",
				);
				GCC_WARN_64_TO_32_BIT_CONVERSION = YES;
				GCC_WARN_ABOUT_RETURN_TYPE = YES_ERROR;
				GCC_WARN_UNDECLARED_SELECTOR = YES;
				GCC_WARN_UNINITIALIZED_AUTOS = YES_AGGRESSIVE;
				GCC_WARN_UNUSED_FUNCTION = YES;
				GCC_WARN_UNUSED_VARIABLE = YES;
				MACOSX_DEPLOYMENT_TARGET = 12.0;
				MTL_ENABLE_DEBUG_INFO = INCLUDE_SOURCE;
				MTL_FAST_MATH = YES;
				ONLY_ACTIVE_ARCH = YES;
				SDKROOT = macosx;
				SWIFT_ACTIVE_COMPILATION_CONDITIONS = DEBUG;
				SWIFT_OPTIMIZATION_LEVEL = "-Onone";
			};
			name = Debug;
		};
		76E5D9EF27687135003F3A20 /* Release */ = {
			isa = XCBuildConfiguration;
			buildSettings = {
				ALWAYS_SEARCH_USER_PATHS = NO;
				CLANG_ANALYZER_NONNULL = YES;
				CLANG_ANALYZER_NUMBER_OBJECT_CONVERSION = YES_AGGRESSIVE;
				CLANG_CXX_LANGUAGE_STANDARD = "gnu++17";
				CLANG_CXX_LIBRARY = "libc++";
				CLANG_ENABLE_MODULES = YES;
				CLANG_ENABLE_OBJC_ARC = YES;
				CLANG_ENABLE_OBJC_WEAK = YES;
				CLANG_WARN_BLOCK_CAPTURE_AUTORELEASING = YES;
				CLANG_WARN_BOOL_CONVERSION = YES;
				CLANG_WARN_COMMA = YES;
				CLANG_WARN_CONSTANT_CONVERSION = YES;
				CLANG_WARN_DEPRECATED_OBJC_IMPLEMENTATIONS = YES;
				CLANG_WARN_DIRECT_OBJC_ISA_USAGE = YES_ERROR;
				CLANG_WARN_DOCUMENTATION_COMMENTS = YES;
				CLANG_WARN_EMPTY_BODY = YES;
				CLANG_WARN_ENUM_CONVERSION = YES;
				CLANG_WARN_INFINITE_RECURSION = YES;
				CLANG_WARN_INT_CONVERSION = YES;
				CLANG_WARN_NON_LITERAL_NULL_CONVERSION = YES;
				CLANG_WARN_OBJC_IMPLICIT_RETAIN_SELF = YES;
				CLANG_WARN_OBJC_LITERAL_CONVERSION = YES;
				CLANG_WARN_OBJC_ROOT_CLASS = YES_ERROR;
				CLANG_WARN_QUOTED_INCLUDE_IN_FRAMEWORK_HEADER = YES;
				CLANG_WARN_RANGE_LOOP_ANALYSIS = YES;
				CLANG_WARN_STRICT_PROTOTYPES = YES;
				CLANG_WARN_SUSPICIOUS_MOVE = YES;
				CLANG_WARN_UNGUARDED_AVAILABILITY = YES_AGGRESSIVE;
				CLANG_WARN_UNREACHABLE_CODE = YES;
				CLANG_WARN__DUPLICATE_METHOD_MATCH = YES;
				COPY_PHASE_STRIP = NO;
				DEBUG_INFORMATION_FORMAT = "dwarf-with-dsym";
				ENABLE_NS_ASSERTIONS = NO;
				ENABLE_STRICT_OBJC_MSGSEND = YES;
				GCC_C_LANGUAGE_STANDARD = gnu11;
				GCC_NO_COMMON_BLOCKS = YES;
				GCC_WARN_64_TO_32_BIT_CONVERSION = YES;
				GCC_WARN_ABOUT_RETURN_TYPE = YES_ERROR;
				GCC_WARN_UNDECLARED_SELECTOR = YES;
				GCC_WARN_UNINITIALIZED_AUTOS = YES_AGGRESSIVE;
				GCC_WARN_UNUSED_FUNCTION = YES;
				GCC_WARN_UNUSED_VARIABLE = YES;
				MACOSX_DEPLOYMENT_TARGET = 12.0;
				MTL_ENABLE_DEBUG_INFO = NO;
				MTL_FAST_MATH = YES;
				SDKROOT = macosx;
				SWIFT_COMPILATION_MODE = wholemodule;
				SWIFT_OPTIMIZATION_LEVEL = "-O";
			};
			name = Release;
		};
		76E5D9F127687135003F3A20 /* Debug */ = {
			isa = XCBuildConfiguration;
			buildSettings = {
				ASSETCATALOG_COMPILER_APPICON_NAME = AppIcon;
				ASSETCATALOG_COMPILER_GLOBAL_ACCENT_COLOR_NAME = AccentColor;
				CODE_SIGN_ENTITLEMENTS = Metal3/Metal3.entitlements;
				CODE_SIGN_STYLE = Automatic;
				COMBINE_HIDPI_IMAGES = YES;
				CURRENT_PROJECT_VERSION = 1;
				DEVELOPMENT_ASSET_PATHS = "\"Metal3/Preview Content\"";
				DEVELOPMENT_TEAM = T5C5DQ8HP4;
				ENABLE_HARDENED_RUNTIME = YES;
				ENABLE_PREVIEWS = YES;
				GENERATE_INFOPLIST_FILE = YES;
				INFOPLIST_KEY_NSHumanReadableCopyright = "";
				LD_RUNPATH_SEARCH_PATHS = (
					"$(inherited)",
					"@executable_path/../Frameworks",
				);
				MARKETING_VERSION = 1.0;
				PRODUCT_BUNDLE_IDENTIFIER = com.amengede.Metal3;
				PRODUCT_NAME = "$(TARGET_NAME)";
				SWIFT_EMIT_LOC_STRINGS = YES;
				SWIFT_VERSION = 5.0;
			};
			name = Debug;
		};
		76E5D9F227687135003F3A20 /* Release */ = {
			isa = XCBuildConfiguration;
			buildSettings = {
				ASSETCATALOG_COMPILER_APPICON_NAME = AppIcon;
				ASSETCATALOG_COMPILER_GLOBAL_ACCENT_COLOR_NAME = AccentColor;
				CODE_SIGN_ENTITLEMENTS = Metal3/Metal3.entitlements;
				CODE_SIGN_STYLE = Automatic;
				COMBINE_HIDPI_IMAGES = YES;
				CURRENT_PROJECT_VERSION = 1;
				DEVELOPMENT_ASSET_PATHS = "\"Metal3/Preview Content\"";
				DEVELOPMENT_TEAM = T5C5DQ8HP4;
				ENABLE_HARDENED_RUNTIME = YES;
				ENABLE_PREVIEWS = YES;
				GENERATE_INFOPLIST_FILE = YES;
				INFOPLIST_KEY_NSHumanReadableCopyright = "";
				LD_RUNPATH_SEARCH_PATHS = (
					"$(inherited)",
					"@executable_path/../Frameworks",
				);
				MARKETING_VERSION = 1.0;
				PRODUCT_BUNDLE_IDENTIFIER = com.amengede.Metal3;
				PRODUCT_NAME = "$(TARGET_NAME)";
				SWIFT_EMIT_LOC_STRINGS = YES;
				SWIFT_VERSION = 5.0;
			};
			name = Release;
		};
/* End XCBuildConfiguration section */

/* Begin XCConfigurationList section */
		76E5D9DC27687134003F3A20 /* Build configuration list for PBXProject "Metal3" */ = {
			isa = XCConfigurationList;
			buildConfigurations = (
				76E5D9EE27687135003F3A20 /* Debug */,
				76E5D9EF27687135003F3A20 /* Release */,
			);
			defaultConfigurationIsVisible = 0;
			defaultConfigurationName = Release;
		};
		76E5D9F027687135003F3A20 /* Build configuration list for PBXNativeTarget "Metal3" */ = {
			isa = XCConfigurationList;
			buildConfigurations = (
				76E5D9F127687135003F3A20 /* Debug */,
				76E5D9F227687135003F3A20 /* Release */,
			);
			defaultConfigurationIsVisible = 0;
			defaultConfigurationName = Release;
		};
/* End XCConfigurationList section */
	};
	rootObject = 76E5D9D927687134003F3A20 /* Project object */;
}
